
Microsoft Visual Studio Solution File, Format Version 12.00
# Visual Studio 2017
Project("{FAE04EC0-301F-11D3-BF4B-00C04F79EFBC}") = "Crouch.Core", "Crouch.Core.csproj", "{9DB44A3A-5D19-4253-9E62-AEBF2B936EA5}"
EndProject
Project("{FAE04EC0-301F-11D3-BF4B-00C04F79EFBC}") = "Crouch.Core.Model", "..\Crouch.Core.Model\Crouch.Core.Model.csproj", "{38AC2D4F-0568-4967-8D57-B391CF5B478B}"
EndProject
Global
	GlobalSection(SolutionConfigurationPlatforms) = preSolution
		Debug|Any CPU = Debug|Any CPU
		Release|Any CPU = Release|Any CPU
	EndGlobalSection
	GlobalSection(ProjectConfigurationPlatforms) = postSolution
		{9DB44A3A-5D19-4253-9E62-AEBF2B936EA5}.Debug|Any CPU.ActiveCfg = Debug|Any CPU
		{9DB44A3A-5D19-4253-9E62-AEBF2B936EA5}.Debug|Any CPU.Build.0 = Debug|Any CPU
		{9DB44A3A-5D19-4253-9E62-AEBF2B936EA5}.Release|Any CPU.ActiveCfg = Release|Any CPU
		{9DB44A3A-5D19-4253-9E62-AEBF2B936EA5}.Release|Any CPU.Build.0 = Release|Any CPU
		{38AC2D4F-0568-4967-8D57-B391CF5B478B}.Debug|Any CPU.ActiveCfg = Debug|Any CPU
		{38AC2D4F-0568-4967-8D57-B391CF5B478B}.Debug|Any CPU.Build.0 = Debug|Any CPU
		{38AC2D4F-0568-4967-8D57-B391CF5B478B}.Release|Any CPU.ActiveCfg = Release|Any CPU
		{38AC2D4F-0568-4967-8D57-B391CF5B478B}.Release|Any CPU.Build.0 = Release|Any CPU
	EndGlobalSection
EndGlobal
